
Microsoft Visual Studio Solution File, Format Version 12.00
# Visual Studio 15
VisualStudioVersion = 15.0.28307.421
MinimumVisualStudioVersion = 10.0.40219.1
Project("{FAE04EC0-301F-11D3-BF4B-00C04F79EFBC}") = "RacingGame", "RacingGame\RacingGame.csproj", "{697633A4-DEED-4F38-BD8C-5091976A1A6D}"
EndProject
Global
	GlobalSection(SolutionConfigurationPlatforms) = preSolution
		Debug|Any CPU = Debug|Any CPU
		Release|Any CPU = Release|Any CPU
	EndGlobalSection
	GlobalSection(ProjectConfigurationPlatforms) = postSolution
		{697633A4-DEED-4F38-BD8C-5091976A1A6D}.Debug|Any CPU.ActiveCfg = Debug|Any CPU
		{697633A4-DEED-4F38-BD8C-5091976A1A6D}.Debug|Any CPU.Build.0 = Debug|Any CPU
		{697633A4-DEED-4F38-BD8C-5091976A1A6D}.Release|Any CPU.ActiveCfg = Release|Any CPU
		{697633A4-DEED-4F38-BD8C-5091976A1A6D}.Release|Any CPU.Build.0 = Release|Any CPU
	EndGlobalSection
	GlobalSection(SolutionProperties) = preSolution
		HideSolutionNode = FALSE
	EndGlobalSection
	GlobalSection(ExtensibilityGlobals) = postSolution
		SolutionGuid = {B3287E64-2725-4DA1-861A-3C0BD165477E}
	EndGlobalSection
EndGlobal
